// !$*UTF8*$!
{
	archiveVersion = 1;
	classes = {
	};
	objectVersion = 46;
	objects = {

/* Begin PBXBuildFile section */
		84BAE72AB46245F1FBC03771 /* Pods_CustomURLSchemeApp.framework in Frameworks */ = {isa = PBXBuildFile; fileRef = 87709A5EA3383D908EA660EF /* Pods_CustomURLSchemeApp.framework */; };
		EB8A895F1EE1812500EF5401 /* ImagePreviewViewController.swift in Sources */ = {isa = PBXBuildFile; fileRef = EB8A895E1EE1812500EF5401 /* ImagePreviewViewController.swift */; };
		EBAC27E61EE0B1A60041626B /* Constants.swift in Sources */ = {isa = PBXBuildFile; fileRef = EBAC27E51EE0B1A60041626B /* Constants.swift */; };
		EBE4AD291EE088EA000B5F36 /* AppDelegate.swift in Sources */ = {isa = PBXBuildFile; fileRef = EBE4AD281EE088EA000B5F36 /* AppDelegate.swift */; };
		EBE4AD2B1EE088EA000B5F36 /* MainViewController.swift in Sources */ = {isa = PBXBuildFile; fileRef = EBE4AD2A1EE088EA000B5F36 /* MainViewController.swift */; };
		EBE4AD301EE088EA000B5F36 /* Assets.xcassets in Resources */ = {isa = PBXBuildFile; fileRef = EBE4AD2F1EE088EA000B5F36 /* Assets.xcassets */; };
		EBE4AD331EE088EA000B5F36 /* LaunchScreen.storyboard in Resources */ = {isa = PBXBuildFile; fileRef = EBE4AD311EE088EA000B5F36 /* LaunchScreen.storyboard */; };
		EBE4AD3B1EE0A509000B5F36 /* EmptyStateViewController.swift in Sources */ = {isa = PBXBuildFile; fileRef = EBE4AD3A1EE0A509000B5F36 /* EmptyStateViewController.swift */; };
/* End PBXBuildFile section */

/* Begin PBXFileReference section */
		079C17E95C7BFD6F4C58B2ED /* Pods-CustomURLSchemeApp.release.xcconfig */ = {isa = PBXFileReference; includeInIndex = 1; lastKnownFileType = text.xcconfig; name = "Pods-CustomURLSchemeApp.release.xcconfig"; path = "Pods/Target Support Files/Pods-CustomURLSchemeApp/Pods-CustomURLSchemeApp.release.xcconfig"; sourceTree = "<group>"; };
		0D1E81102105C4D057ABEC5A /* Pods-CustomURLSchemeApp.debug.xcconfig */ = {isa = PBXFileReference; includeInIndex = 1; lastKnownFileType = text.xcconfig; name = "Pods-CustomURLSchemeApp.debug.xcconfig"; path = "Pods/Target Support Files/Pods-CustomURLSchemeApp/Pods-CustomURLSchemeApp.debug.xcconfig"; sourceTree = "<group>"; };
		87709A5EA3383D908EA660EF /* Pods_CustomURLSchemeApp.framework */ = {isa = PBXFileReference; explicitFileType = wrapper.framework; includeInIndex = 0; path = Pods_CustomURLSchemeApp.framework; sourceTree = BUILT_PRODUCTS_DIR; };
		EB8A895E1EE1812500EF5401 /* ImagePreviewViewController.swift */ = {isa = PBXFileReference; fileEncoding = 4; lastKnownFileType = sourcecode.swift; path = ImagePreviewViewController.swift; sourceTree = "<group>"; };
		EBAC27E51EE0B1A60041626B /* Constants.swift */ = {isa = PBXFileReference; fileEncoding = 4; lastKnownFileType = sourcecode.swift; path = Constants.swift; sourceTree = "<group>"; };
		EBE4AD251EE088EA000B5F36 /* CustomURLSchemeApp.app */ = {isa = PBXFileReference; explicitFileType = wrapper.application; includeInIndex = 0; path = CustomURLSchemeApp.app; sourceTree = BUILT_PRODUCTS_DIR; };
		EBE4AD281EE088EA000B5F36 /* AppDelegate.swift */ = {isa = PBXFileReference; lastKnownFileType = sourcecode.swift; path = AppDelegate.swift; sourceTree = "<group>"; };
		EBE4AD2A1EE088EA000B5F36 /* MainViewController.swift */ = {isa = PBXFileReference; lastKnownFileType = sourcecode.swift; path = MainViewController.swift; sourceTree = "<group>"; };
		EBE4AD2F1EE088EA000B5F36 /* Assets.xcassets */ = {isa = PBXFileReference; lastKnownFileType = folder.assetcatalog; path = Assets.xcassets; sourceTree = "<group>"; };
		EBE4AD321EE088EA000B5F36 /* Base */ = {isa = PBXFileReference; lastKnownFileType = file.storyboard; name = Base; path = Base.lproj/LaunchScreen.storyboard; sourceTree = "<group>"; };
		EBE4AD341EE088EA000B5F36 /* Info.plist */ = {isa = PBXFileReference; lastKnownFileType = text.plist.xml; path = Info.plist; sourceTree = "<group>"; };
		EBE4AD3A1EE0A509000B5F36 /* EmptyStateViewController.swift */ = {isa = PBXFileReference; fileEncoding = 4; lastKnownFileType = sourcecode.swift; path = EmptyStateViewController.swift; sourceTree = "<group>"; };
/* End PBXFileReference section */

/* Begin PBXFrameworksBuildPhase section */
		EBE4AD221EE088EA000B5F36 /* Frameworks */ = {
			isa = PBXFrameworksBuildPhase;
			buildActionMask = 2147483647;
			files = (
				84BAE72AB46245F1FBC03771 /* Pods_CustomURLSchemeApp.framework in Frameworks */,
			);
			runOnlyForDeploymentPostprocessing = 0;
		};
/* End PBXFrameworksBuildPhase section */

/* Begin PBXGroup section */
		52A80167D0FA89BFF49BE4BE /* Frameworks */ = {
			isa = PBXGroup;
			children = (
				87709A5EA3383D908EA660EF /* Pods_CustomURLSchemeApp.framework */,
			);
			name = Frameworks;
			sourceTree = "<group>";
		};
		EBE4AD1C1EE088EA000B5F36 = {
			isa = PBXGroup;
			children = (
				EBE4AD271EE088EA000B5F36 /* CustomURLSchemeApp */,
				EBE4AD261EE088EA000B5F36 /* Products */,
				FE79D3A8E6328B7E35DACBC2 /* Pods */,
				52A80167D0FA89BFF49BE4BE /* Frameworks */,
			);
			sourceTree = "<group>";
		};
		EBE4AD261EE088EA000B5F36 /* Products */ = {
			isa = PBXGroup;
			children = (
				EBE4AD251EE088EA000B5F36 /* CustomURLSchemeApp.app */,
			);
			name = Products;
			sourceTree = "<group>";
		};
		EBE4AD271EE088EA000B5F36 /* CustomURLSchemeApp */ = {
			isa = PBXGroup;
			children = (
				EBE4AD281EE088EA000B5F36 /* AppDelegate.swift */,
				EBE4AD2A1EE088EA000B5F36 /* MainViewController.swift */,
				EBE4AD2F1EE088EA000B5F36 /* Assets.xcassets */,
				EBE4AD311EE088EA000B5F36 /* LaunchScreen.storyboard */,
				EBE4AD341EE088EA000B5F36 /* Info.plist */,
				EBE4AD3A1EE0A509000B5F36 /* EmptyStateViewController.swift */,
				EBAC27E51EE0B1A60041626B /* Constants.swift */,
				EB8A895E1EE1812500EF5401 /* ImagePreviewViewController.swift */,
			);
			path = CustomURLSchemeApp;
			sourceTree = "<group>";
		};
		FE79D3A8E6328B7E35DACBC2 /* Pods */ = {
			isa = PBXGroup;
			children = (
				0D1E81102105C4D057ABEC5A /* Pods-CustomURLSchemeApp.debug.xcconfig */,
				079C17E95C7BFD6F4C58B2ED /* Pods-CustomURLSchemeApp.release.xcconfig */,
			);
			name = Pods;
			sourceTree = "<group>";
		};
/* End PBXGroup section */

/* Begin PBXNativeTarget section */
		EBE4AD241EE088EA000B5F36 /* CustomURLSchemeApp */ = {
			isa = PBXNativeTarget;
			buildConfigurationList = EBE4AD371EE088EA000B5F36 /* Build configuration list for PBXNativeTarget "CustomURLSchemeApp" */;
			buildPhases = (
				200E29F87E8E41789E4A8DB7 /* [CP] Check Pods Manifest.lock */,
				EBE4AD211EE088EA000B5F36 /* Sources */,
				EBE4AD221EE088EA000B5F36 /* Frameworks */,
				EBE4AD231EE088EA000B5F36 /* Resources */,
				114924D2ABB3DD4C2DAA418D /* [CP] Embed Pods Frameworks */,
				AF49BB35C22BF48DCC3E0A27 /* [CP] Copy Pods Resources */,
			);
			buildRules = (
			);
			dependencies = (
			);
			name = CustomURLSchemeApp;
			productName = CustomURLSchemeApp;
			productReference = EBE4AD251EE088EA000B5F36 /* CustomURLSchemeApp.app */;
			productType = "com.apple.product-type.application";
		};
/* End PBXNativeTarget section */

/* Begin PBXProject section */
		EBE4AD1D1EE088EA000B5F36 /* Project object */ = {
			isa = PBXProject;
			attributes = {
				LastSwiftUpdateCheck = 0830;
				LastUpgradeCheck = 0830;
				ORGANIZATIONNAME = "Zoran Todorovic";
				TargetAttributes = {
					EBE4AD241EE088EA000B5F36 = {
						CreatedOnToolsVersion = 8.3.2;
						DevelopmentTeam = 9FR7GGK45Q;
						ProvisioningStyle = Automatic;
					};
				};
			};
			buildConfigurationList = EBE4AD201EE088EA000B5F36 /* Build configuration list for PBXProject "CustomURLSchemeApp" */;
			compatibilityVersion = "Xcode 3.2";
			developmentRegion = English;
			hasScannedForEncodings = 0;
			knownRegions = (
				en,
				Base,
			);
			mainGroup = EBE4AD1C1EE088EA000B5F36;
			productRefGroup = EBE4AD261EE088EA000B5F36 /* Products */;
			projectDirPath = "";
			projectRoot = "";
			targets = (
				EBE4AD241EE088EA000B5F36 /* CustomURLSchemeApp */,
			);
		};
/* End PBXProject section */

/* Begin PBXResourcesBuildPhase section */
		EBE4AD231EE088EA000B5F36 /* Resources */ = {
			isa = PBXResourcesBuildPhase;
			buildActionMask = 2147483647;
			files = (
				EBE4AD331EE088EA000B5F36 /* LaunchScreen.storyboard in Resources */,
				EBE4AD301EE088EA000B5F36 /* Assets.xcassets in Resources */,
			);
			runOnlyForDeploymentPostprocessing = 0;
		};
/* End PBXResourcesBuildPhase section */

/* Begin PBXShellScriptBuildPhase section */
		114924D2ABB3DD4C2DAA418D /* [CP] Embed Pods Frameworks */ = {
			isa = PBXShellScriptBuildPhase;
			buildActionMask = 2147483647;
			files = (
			);
			inputPaths = (
			);
			name = "[CP] Embed Pods Frameworks";
			outputPaths = (
			);
			runOnlyForDeploymentPostprocessing = 0;
			shellPath = /bin/sh;
			shellScript = "\"${SRCROOT}/Pods/Target Support Files/Pods-CustomURLSchemeApp/Pods-CustomURLSchemeApp-frameworks.sh\"\n";
			showEnvVarsInLog = 0;
		};
		200E29F87E8E41789E4A8DB7 /* [CP] Check Pods Manifest.lock */ = {
			isa = PBXShellScriptBuildPhase;
			buildActionMask = 2147483647;
			files = (
			);
			inputPaths = (
			);
			name = "[CP] Check Pods Manifest.lock";
			outputPaths = (
			);
			runOnlyForDeploymentPostprocessing = 0;
			shellPath = /bin/sh;
			shellScript = "diff \"${PODS_ROOT}/../Podfile.lock\" \"${PODS_ROOT}/Manifest.lock\" > /dev/null\nif [ $? != 0 ] ; then\n    # print error to STDERR\n    echo \"error: The sandbox is not in sync with the Podfile.lock. Run 'pod install' or update your CocoaPods installation.\" >&2\n    exit 1\nfi\n";
			showEnvVarsInLog = 0;
		};
		AF49BB35C22BF48DCC3E0A27 /* [CP] Copy Pods Resources */ = {
			isa = PBXShellScriptBuildPhase;
			buildActionMask = 2147483647;
			files = (
			);
			inputPaths = (
			);
			name = "[CP] Copy Pods Resources";
			outputPaths = (
			);
			runOnlyForDeploymentPostprocessing = 0;
			shellPath = /bin/sh;
			shellScript = "\"${SRCROOT}/Pods/Target Support Files/Pods-CustomURLSchemeApp/Pods-CustomURLSchemeApp-resources.sh\"\n";
			showEnvVarsInLog = 0;
		};
/* End PBXShellScriptBuildPhase section */

/* Begin PBXSourcesBuildPhase section */
		EBE4AD211EE088EA000B5F36 /* Sources */ = {
			isa = PBXSourcesBuildPhase;
			buildActionMask = 2147483647;
			files = (
				EBE4AD2B1EE088EA000B5F36 /* MainViewController.swift in Sources */,
				EBE4AD3B1EE0A509000B5F36 /* EmptyStateViewController.swift in Sources */,
				EBE4AD291EE088EA000B5F36 /* AppDelegate.swift in Sources */,
				EBAC27E61EE0B1A60041626B /* Constants.swift in Sources */,
				EB8A895F1EE1812500EF5401 /* ImagePreviewViewController.swift in Sources */,
			);
			runOnlyForDeploymentPostprocessing = 0;
		};
/* End PBXSourcesBuildPhase section */

/* Begin PBXVariantGroup section */
		EBE4AD311EE088EA000B5F36 /* LaunchScreen.storyboard */ = {
			isa = PBXVariantGroup;
			children = (
				EBE4AD321EE088EA000B5F36 /* Base */,
			);
			name = LaunchScreen.storyboard;
			sourceTree = "<group>";
		};
/* End PBXVariantGroup section */

/* Begin XCBuildConfiguration section */
		EBE4AD351EE088EA000B5F36 /* Debug */ = {
			isa = XCBuildConfiguration;
			buildSettings = {
				ALWAYS_SEARCH_USER_PATHS = NO;
				CLANG_ANALYZER_NONNULL = YES;
				CLANG_ANALYZER_NUMBER_OBJECT_CONVERSION = YES_AGGRESSIVE;
				CLANG_CXX_LANGUAGE_STANDARD = "gnu++0x";
				CLANG_CXX_LIBRARY = "libc++";
				CLANG_ENABLE_MODULES = YES;
				CLANG_ENABLE_OBJC_ARC = YES;
				CLANG_WARN_BOOL_CONVERSION = YES;
				CLANG_WARN_CONSTANT_CONVERSION = YES;
				CLANG_WARN_DIRECT_OBJC_ISA_USAGE = YES_ERROR;
				CLANG_WARN_DOCUMENTATION_COMMENTS = YES;
				CLANG_WARN_EMPTY_BODY = YES;
				CLANG_WARN_ENUM_CONVERSION = YES;
				CLANG_WARN_INFINITE_RECURSION = YES;
				CLANG_WARN_INT_CONVERSION = YES;
				CLANG_WARN_OBJC_ROOT_CLASS = YES_ERROR;
				CLANG_WARN_SUSPICIOUS_MOVE = YES;
				CLANG_WARN_UNREACHABLE_CODE = YES;
				CLANG_WARN__DUPLICATE_METHOD_MATCH = YES;
				"CODE_SIGN_IDENTITY[sdk=iphoneos*]" = "iPhone Developer";
				COPY_PHASE_STRIP = NO;
				DEBUG_INFORMATION_FORMAT = dwarf;
				ENABLE_STRICT_OBJC_MSGSEND = YES;
				ENABLE_TESTABILITY = YES;
				GCC_C_LANGUAGE_STANDARD = gnu99;
				GCC_DYNAMIC_NO_PIC = NO;
				GCC_NO_COMMON_BLOCKS = YES;
				GCC_OPTIMIZATION_LEVEL = 0;
				GCC_PREPROCESSOR_DEFINITIONS = (
					"DEBUG=1",
					"$(inherited)",
				);
				GCC_WARN_64_TO_32_BIT_CONVERSION = YES;
				GCC_WARN_ABOUT_RETURN_TYPE = YES_ERROR;
				GCC_WARN_UNDECLARED_SELECTOR = YES;
				GCC_WARN_UNINITIALIZED_AUTOS = YES_AGGRESSIVE;
				GCC_WARN_UNUSED_FUNCTION = YES;
				GCC_WARN_UNUSED_VARIABLE = YES;
				IPHONEOS_DEPLOYMENT_TARGET = 10.3;
				MTL_ENABLE_DEBUG_INFO = YES;
				ONLY_ACTIVE_ARCH = YES;
				SDKROOT = iphoneos;
				SWIFT_ACTIVE_COMPILATION_CONDITIONS = DEBUG;
				SWIFT_OPTIMIZATION_LEVEL = "-Onone";
			};
			name = Debug;
		};
		EBE4AD361EE088EA000B5F36 /* Release */ = {
			isa = XCBuildConfiguration;
			buildSettings = {
				ALWAYS_SEARCH_USER_PATHS = NO;
				CLANG_ANALYZER_NONNULL = YES;
				CLANG_ANALYZER_NUMBER_OBJECT_CONVERSION = YES_AGGRESSIVE;
				CLANG_CXX_LANGUAGE_STANDARD = "gnu++0x";
				CLANG_CXX_LIBRARY = "libc++";
				CLANG_ENABLE_MODULES = YES;
				CLANG_ENABLE_OBJC_ARC = YES;
				CLANG_WARN_BOOL_CONVERSION = YES;
				CLANG_WARN_CONSTANT_CONVERSION = YES;
				CLANG_WARN_DIRECT_OBJC_ISA_USAGE = YES_ERROR;
				CLANG_WARN_DOCUMENTATION_COMMENTS = YES;
				CLANG_WARN_EMPTY_BODY = YES;
				CLANG_WARN_ENUM_CONVERSION = YES;
				CLANG_WARN_INFINITE_RECURSION = YES;
				CLANG_WARN_INT_CONVERSION = YES;
				CLANG_WARN_OBJC_ROOT_CLASS = YES_ERROR;
				CLANG_WARN_SUSPICIOUS_MOVE = YES;
				CLANG_WARN_UNREACHABLE_CODE = YES;
				CLANG_WARN__DUPLICATE_METHOD_MATCH = YES;
				"CODE_SIGN_IDENTITY[sdk=iphoneos*]" = "iPhone Developer";
				COPY_PHASE_STRIP = NO;
				DEBUG_INFORMATION_FORMAT = "dwarf-with-dsym";
				ENABLE_NS_ASSERTIONS = NO;
				ENABLE_STRICT_OBJC_MSGSEND = YES;
				GCC_C_LANGUAGE_STANDARD = gnu99;
				GCC_NO_COMMON_BLOCKS = YES;
				GCC_WARN_64_TO_32_BIT_CONVERSION = YES;
				GCC_WARN_ABOUT_RETURN_TYPE = YES_ERROR;
				GCC_WARN_UNDECLARED_SELECTOR = YES;
				GCC_WARN_UNINITIALIZED_AUTOS = YES_AGGRESSIVE;
				GCC_WARN_UNUSED_FUNCTION = YES;
				GCC_WARN_UNUSED_VARIABLE = YES;
				IPHONEOS_DEPLOYMENT_TARGET = 10.3;
				MTL_ENABLE_DEBUG_INFO = NO;
				SDKROOT = iphoneos;
				SWIFT_OPTIMIZATION_LEVEL = "-Owholemodule";
				VALIDATE_PRODUCT = YES;
			};
			name = Release;
		};
		EBE4AD381EE088EA000B5F36 /* Debug */ = {
			isa = XCBuildConfiguration;
			baseConfigurationReference = 0D1E81102105C4D057ABEC5A /* Pods-CustomURLSchemeApp.debug.xcconfig */;
			buildSettings = {
				ASSETCATALOG_COMPILER_APPICON_NAME = AppIcon;
				DEVELOPMENT_TEAM = 9FR7GGK45Q;
				INFOPLIST_FILE = CustomURLSchemeApp/Info.plist;
				LD_RUNPATH_SEARCH_PATHS = "$(inherited) @executable_path/Frameworks";
				PRODUCT_BUNDLE_IDENTIFIER = com.ztodorovic.CustomURLSchemeApp;
				PRODUCT_NAME = "$(TARGET_NAME)";
				SWIFT_VERSION = 3.0;
			};
			name = Debug;
		};
		EBE4AD391EE088EA000B5F36 /* Release */ = {
			isa = XCBuildConfiguration;
			baseConfigurationReference = 079C17E95C7BFD6F4C58B2ED /* Pods-CustomURLSchemeApp.release.xcconfig */;
			buildSettings = {
				ASSETCATALOG_COMPILER_APPICON_NAME = AppIcon;
				DEVELOPMENT_TEAM = 9FR7GGK45Q;
				INFOPLIST_FILE = CustomURLSchemeApp/Info.plist;
				LD_RUNPATH_SEARCH_PATHS = "$(inherited) @executable_path/Frameworks";
				PRODUCT_BUNDLE_IDENTIFIER = com.ztodorovic.CustomURLSchemeApp;
				PRODUCT_NAME = "$(TARGET_NAME)";
				SWIFT_VERSION = 3.0;
			};
			name = Release;
		};
/* End XCBuildConfiguration section */

/* Begin XCConfigurationList section */
		EBE4AD201EE088EA000B5F36 /* Build configuration list for PBXProject "CustomURLSchemeApp" */ = {
			isa = XCConfigurationList;
			buildConfigurations = (
				EBE4AD351EE088EA000B5F36 /* Debug */,
				EBE4AD361EE088EA000B5F36 /* Release */,
			);
			defaultConfigurationIsVisible = 0;
			defaultConfigurationName = Release;
		};
		EBE4AD371EE088EA000B5F36 /* Build configuration list for PBXNativeTarget "CustomURLSchemeApp" */ = {
			isa = XCConfigurationList;
			buildConfigurations = (
				EBE4AD381EE088EA000B5F36 /* Debug */,
				EBE4AD391EE088EA000B5F36 /* Release */,
			);
			defaultConfigurationIsVisible = 0;
			defaultConfigurationName = Release;
		};
/* End XCConfigurationList section */
	};
	rootObject = EBE4AD1D1EE088EA000B5F36 /* Project object */;
}
